lockVersion: 2.0.0
id: 2b9c4bf6-4d87-4382-84d9-5fb3c84c7fad
management:
  docChecksum: b7c80728933921cf1fd9ad31274d5ad7
  docVersion: Beta
  speakeasyVersion: 1.383.2
  generationVersion: 2.407.0
  releaseVersion: 0.2.1
  configChecksum: 33dcfece24f060ffd512c490ce9f9769
  repoURL: https://github.com/ava-labs/avacloud-sdk-typescript.git
  installationURL: https://github.com/ava-labs/avacloud-sdk-typescript
  published: true
features:
  typescript:
    additionalDependencies: 0.1.0
    additionalProperties: 0.1.1
    constsAndDefaults: 0.1.11
    core: 3.14.1
    defaultEnabledRetries: 0.1.0
    deprecations: 2.81.1
    devContainers: 2.90.0
    envVarSecurityUsage: 0.1.1
    examples: 2.81.4
    globalSecurity: 2.82.11
    globalSecurityCallbacks: 0.1.0
    globalSecurityFlattening: 0.1.0
    globalServerURLs: 2.82.4
    globals: 2.82.1
    groups: 2.81.2
    nameOverrides: 2.81.2
    nullables: 0.1.0
    pagination: 2.82.6
    responseFormat: 0.2.3
    retries: 2.83.0
    sdkHooks: 0.1.0
    unions: 2.85.7
generatedFiles:
  - src/funcs/glacierHealthCheckGlacierHealthCheck.ts
  - src/funcs/glacierNftsReindexNft.ts
  - src/funcs/glacierNftsListTokens.ts
  - src/funcs/glacierNftsGetTokenDetails.ts
  - src/funcs/glacierOperationsGetOperationResult.ts
  - src/funcs/glacierOperationsPostTransactionExportJob.ts
  - src/funcs/glacierPrimaryNetworkGetAssetDetails.ts
  - src/funcs/glacierPrimaryNetworkGetChainIdsForAddresses.ts
  - src/funcs/glacierPrimaryNetworkGetNetworkDetails.ts
  - src/funcs/glacierPrimaryNetworkListBlockchains.ts
  - src/funcs/glacierPrimaryNetworkListSubnets.ts
  - src/funcs/glacierPrimaryNetworkGetSubnetById.ts
  - src/funcs/glacierPrimaryNetworkListValidators.ts
  - src/funcs/glacierPrimaryNetworkGetSingleValidatorDetails.ts
  - src/funcs/glacierPrimaryNetworkListDelegators.ts
  - src/funcs/glacierUsageMetricsGetApiUsageMetrics.ts
  - src/funcs/glacierUsageMetricsGetApiLogs.ts
  - src/funcs/glacierWebhooksListWebhooks.ts
  - src/funcs/glacierWebhooksCreateWebhook.ts
  - src/funcs/glacierWebhooksGetWebhook.ts
  - src/funcs/glacierWebhooksDeactivateWebhook.ts
  - src/funcs/glacierWebhooksUpdateWebhook.ts
  - src/funcs/glacierWebhooksGenerateSharedSecret.ts
  - src/funcs/glacierWebhooksGetSharedSecret.ts
  - src/funcs/glacierWebhooksGetAddressesFromWebhook.ts
  - src/funcs/glacierWebhooksRemoveAddressesFromWebhook.ts
  - src/funcs/glacierWebhooksAddAddressesToWebhook.ts
  - src/funcs/glacierTeleporterGetTeleporterMessage.ts
  - src/funcs/glacierTeleporterListTeleporterMessages.ts
  - src/funcs/glacierPrimaryNetworkTransactionsGetTxByHash.ts
  - src/funcs/glacierPrimaryNetworkTransactionsListLatestPrimaryNetworkTransactions.ts
  - src/funcs/glacierPrimaryNetworkTransactionsListActivePrimaryNetworkStakingTransactions.ts
  - src/funcs/glacierPrimaryNetworkTransactionsListAssetTransactions.ts
  - src/funcs/glacierPrimaryNetworkRewardsListPendingPrimaryNetworkRewards.ts
  - src/funcs/glacierPrimaryNetworkRewardsListHistoricalPrimaryNetworkRewards.ts
  - src/funcs/glacierPrimaryNetworkUtxosGetUtxosByAddresses.ts
  - src/funcs/glacierPrimaryNetworkBalancesGetBalancesByAddresses.ts
  - src/funcs/glacierPrimaryNetworkBlocksGetBlockById.ts
  - src/funcs/glacierPrimaryNetworkBlocksListPrimaryNetworkBlocksByNodeId.ts
  - src/funcs/glacierPrimaryNetworkBlocksListLatestPrimaryNetworkBlocks.ts
  - src/funcs/glacierPrimaryNetworkVerticesListLatestXChainVertices.ts
  - src/funcs/glacierPrimaryNetworkVerticesGetVertexByHash.ts
  - src/funcs/glacierPrimaryNetworkVerticesGetVertexByHeight.ts
  - src/funcs/glacierEvmBalancesGetNativeBalance.ts
  - src/funcs/glacierEvmBalancesListErc20Balances.ts
  - src/funcs/glacierEvmBalancesListErc721Balances.ts
  - src/funcs/glacierEvmBalancesListErc1155Balances.ts
  - src/funcs/glacierEvmBalancesListCollectibleBalances.ts
  - src/funcs/glacierEvmBlocksGetLatestBlocks.ts
  - src/funcs/glacierEvmBlocksGetBlock.ts
  - src/funcs/glacierEvmTransactionsGetDeploymentTransaction.ts
  - src/funcs/glacierEvmTransactionsListContractDeployments.ts
  - src/funcs/glacierEvmTransactionsListTransfers.ts
  - src/funcs/glacierEvmTransactionsListTransactions.ts
  - src/funcs/glacierEvmTransactionsListNativeTransactions.ts
  - src/funcs/glacierEvmTransactionsListErc20Transactions.ts
  - src/funcs/glacierEvmTransactionsListErc721Transactions.ts
  - src/funcs/glacierEvmTransactionsListErc1155Transactions.ts
  - src/funcs/glacierEvmTransactionsListInternalTransactions.ts
  - src/funcs/glacierEvmTransactionsGetTransaction.ts
  - src/funcs/glacierEvmTransactionsGetTransactionsForBlock.ts
  - src/funcs/glacierEvmTransactionsListLatestTransactions.ts
  - src/funcs/glacierEvmContractsGetContractMetadata.ts
  - src/funcs/glacierEvmChainsSupportedChains.ts
  - src/funcs/glacierEvmChainsGetChainInfo.ts
  - src/sdk/healthcheck.ts
  - src/sdk/nfts.ts
  - src/sdk/operations.ts
  - src/sdk/transactions.ts
  - src/sdk/rewards.ts
  - src/sdk/utxos.ts
  - src/sdk/balances.ts
  - src/sdk/blocks.ts
  - src/sdk/vertices.ts
  - src/sdk/primarynetwork.ts
  - src/sdk/usagemetrics.ts
  - src/sdk/webhooks.ts
  - src/sdk/teleporter.ts
  - src/sdk/avacloudsdkbalances.ts
  - src/sdk/avacloudsdkblocks.ts
  - src/sdk/avacloudsdktransactions.ts
  - src/sdk/contracts.ts
  - src/sdk/chains.ts
  - src/sdk/evm.ts
  - src/sdk/glacier.ts
  - src/sdk/sdk.ts
  - .eslintrc.cjs
  - .npmignore
  - FUNCTIONS.md
  - RUNTIMES.md
  - package.json
  - src/core.ts
  - src/index.ts
  - src/lib/base64.ts
  - src/lib/config.ts
  - src/lib/dlv.ts
  - src/lib/encodings.ts
  - src/lib/http.ts
  - src/lib/is-plain-object.ts
  - src/lib/logger.ts
  - src/lib/matchers.ts
  - src/lib/primitives.ts
  - src/lib/retries.ts
  - src/lib/schemas.ts
  - src/lib/sdks.ts
  - src/lib/security.ts
  - src/lib/url.ts
  - src/sdk/index.ts
  - src/models/errors/httpclienterrors.ts
  - src/models/errors/sdkerror.ts
  - src/models/errors/sdkvalidationerror.ts
  - src/types/blobs.ts
  - src/types/constdatetime.ts
  - src/types/enums.ts
  - src/types/fp.ts
  - src/types/index.ts
  - src/types/operations.ts
  - src/types/rfcdate.ts
  - tsconfig.json
  - src/models/components/globalparamnetwork.ts
  - src/models/components/listnfttokens.ts
  - src/models/components/erc721token.ts
  - src/models/components/erc721tokenmetadata.ts
  - src/models/components/nfttokenmetadatastatus.ts
  - src/models/components/erc1155token.ts
  - src/models/components/erc1155tokenmetadata.ts
  - src/models/components/operationstatusresponse.ts
  - src/models/components/transactionexportmetadata.ts
  - src/models/components/operationstatuscode.ts
  - src/models/components/operationstatus.ts
  - src/models/components/operationtype.ts
  - src/models/components/createevmtransactionexportrequest.ts
  - src/models/components/evmnetworkoptions.ts
  - src/models/components/evmoperationtype.ts
  - src/models/components/createprimarynetworktransactionexportrequest.ts
  - src/models/components/primarynetworkoptions.ts
  - src/models/components/primarynetworkoperationtype.ts
  - src/models/components/xchainassetdetails.ts
  - src/models/components/primarynetworkassetcap.ts
  - src/models/components/primarynetworkassettype.ts
  - src/models/components/xchainid.ts
  - src/models/components/chainaddresschainidmaplistresponse.ts
  - src/models/components/chainaddresschainidmap.ts
  - src/models/components/blockchainids.ts
  - src/models/components/getnetworkdetailsresponse.ts
  - src/models/components/delegatorsdetails.ts
  - src/models/components/validatorsdetails.ts
  - src/models/components/stakingdistribution.ts
  - src/models/components/listblockchainsresponse.ts
  - src/models/components/blockchain.ts
  - src/models/components/sortorder.ts
  - src/models/components/listsubnetsresponse.ts
  - src/models/components/subnet.ts
  - src/models/components/blockchaininfo.ts
  - src/models/components/subnetownershipinfo.ts
  - src/models/components/listvalidatordetailsresponse.ts
  - src/models/components/completedvalidatordetails.ts
  - src/models/components/rewards.ts
  - src/models/components/blscredentials.ts
  - src/models/components/activevalidatordetails.ts
  - src/models/components/validatorhealthdetails.ts
  - src/models/components/pendingvalidatordetails.ts
  - src/models/components/removedvalidatordetails.ts
  - src/models/components/validationstatustype.ts
  - src/models/components/sortbyoption.ts
  - src/models/components/listdelegatordetailsresponse.ts
  - src/models/components/completeddelegatordetails.ts
  - src/models/components/activedelegatordetails.ts
  - src/models/components/pendingdelegatordetails.ts
  - src/models/components/delegationstatustype.ts
  - src/models/components/pchaintransaction.ts
  - src/models/components/assetamount.ts
  - src/models/components/pchainutxo.ts
  - src/models/components/utxotype.ts
  - src/models/components/rewardtype.ts
  - src/models/components/pchaintransactiontype.ts
  - src/models/components/xchainnonlineartransaction.ts
  - src/models/components/transactionvertexdetail.ts
  - src/models/components/utxo.ts
  - src/models/components/utxocredential.ts
  - src/models/components/xchaintransactiontype.ts
  - src/models/components/xchainlineartransaction.ts
  - src/models/components/cchainexporttransaction.ts
  - src/models/components/evminput.ts
  - src/models/components/cchainimporttransaction.ts
  - src/models/components/evmoutput.ts
  - src/models/components/blockchainid.ts
  - src/models/components/listpchaintransactionsresponse.ts
  - src/models/components/primarynetworkchaininfo.ts
  - src/models/components/primarynetwork.ts
  - src/models/components/primarynetworkchainname.ts
  - src/models/components/listxchaintransactionsresponse.ts
  - src/models/components/listcchainatomictransactionsresponse.ts
  - src/models/components/primarynetworktxtype.ts
  - src/models/components/pchainid.ts
  - src/models/components/listpendingrewardsresponse.ts
  - src/models/components/pendingreward.ts
  - src/models/components/listhistoricalrewardsresponse.ts
  - src/models/components/historicalreward.ts
  - src/models/components/assetwithpriceinfo.ts
  - src/models/components/money.ts
  - src/models/components/currencycode.ts
  - src/models/components/listpchainutxosresponse.ts
  - src/models/components/listutxosresponse.ts
  - src/models/components/listpchainbalancesresponse.ts
  - src/models/components/pchainbalance.ts
  - src/models/components/pchainsharedasset.ts
  - src/models/components/aggregatedassetamount.ts
  - src/models/components/listxchainbalancesresponse.ts
  - src/models/components/xchainbalances.ts
  - src/models/components/xchainsharedassetbalance.ts
  - src/models/components/listcchainatomicbalancesresponse.ts
  - src/models/components/cchainatomicbalances.ts
  - src/models/components/cchainsharedassetbalance.ts
  - src/models/components/getprimarynetworkblockresponse.ts
  - src/models/components/proposerdetails.ts
  - src/models/components/listprimarynetworkblocksresponse.ts
  - src/models/components/primarynetworkblock.ts
  - src/models/components/listxchainverticesresponse.ts
  - src/models/components/xchainvertex.ts
  - src/models/components/usagemetricsresponsedto.ts
  - src/models/components/metric.ts
  - src/models/components/usagemetricsvaluedto.ts
  - src/models/components/usagemetricsgroupbyenum.ts
  - src/models/components/timeintervalgranularityextended.ts
  - src/models/components/logsresponsedto.ts
  - src/models/components/logsformat.ts
  - src/models/components/logsformatmetadata.ts
  - src/models/components/requesttype.ts
  - src/models/components/listwebhooksresponse.ts
  - src/models/components/webhookresponse.ts
  - src/models/components/webhookstatustype.ts
  - src/models/components/addressactivitymetadata.ts
  - src/models/components/eventtype.ts
  - src/models/components/webhookstatus.ts
  - src/models/components/createwebhookrequest.ts
  - src/models/components/updatewebhookrequest.ts
  - src/models/components/sharedsecretsresponse.ts
  - src/models/components/listwebhookaddressesresponse.ts
  - src/models/components/addresseschangerequest.ts
  - src/models/components/pendingteleportermessage.ts
  - src/models/components/teleportersourcetransaction.ts
  - src/models/components/teleporterrewarddetails.ts
  - src/models/components/teleporterreceipt.ts
  - src/models/components/deliveredteleportermessage.ts
  - src/models/components/teleporterdestinationtransaction.ts
  - src/models/components/deliveredsourcenotindexedteleportermessage.ts
  - src/models/components/listteleportermessagesresponse.ts
  - src/models/components/networktype.ts
  - src/models/components/getnativebalanceresponse.ts
  - src/models/components/nativetokenbalance.ts
  - src/models/components/listerc20balancesresponse.ts
  - src/models/components/erc20tokenbalance.ts
  - src/models/components/listerc721balancesresponse.ts
  - src/models/components/erc721tokenbalance.ts
  - src/models/components/listerc1155balancesresponse.ts
  - src/models/components/erc1155tokenbalance.ts
  - src/models/components/listcollectiblebalancesresponse.ts
  - src/models/components/listevmblocksresponse.ts
  - src/models/components/evmblock.ts
  - src/models/components/getevmblockresponse.ts
  - src/models/components/gettransactionresponse.ts
  - src/models/components/fullnativetransactiondetails.ts
  - src/models/components/method.ts
  - src/models/components/transactionmethodtype.ts
  - src/models/components/richaddress.ts
  - src/models/components/networktokendetails.ts
  - src/models/components/networktoken.ts
  - src/models/components/internaltransactiondetails.ts
  - src/models/components/internaltransactionopcall.ts
  - src/models/components/erc1155transferdetails.ts
  - src/models/components/erc721transferdetails.ts
  - src/models/components/erc20transferdetails.ts
  - src/models/components/erc20token.ts
  - src/models/components/listcontractsresponse.ts
  - src/models/components/erc721contract.ts
  - src/models/components/contractdeploymentdetails.ts
  - src/models/components/resourcelink.ts
  - src/models/components/resourcelinktype.ts
  - src/models/components/imageasset.ts
  - src/models/components/erc1155contract.ts
  - src/models/components/pricingproviders.ts
  - src/models/components/erc20contract.ts
  - src/models/components/unknowncontract.ts
  - src/models/components/listtransfersresponse.ts
  - src/models/components/erc20transfer.ts
  - src/models/components/erc721transfer.ts
  - src/models/components/erc1155transfer.ts
  - src/models/components/listtransactiondetailsresponse.ts
  - src/models/components/transactiondetails.ts
  - src/models/components/nativetransaction.ts
  - src/models/components/listnativetransactionsresponse.ts
  - src/models/components/listerc20transactionsresponse.ts
  - src/models/components/listerc721transactionsresponse.ts
  - src/models/components/listerc1155transactionsresponse.ts
  - src/models/components/listinternaltransactionsresponse.ts
  - src/models/components/internaltransaction.ts
  - src/models/components/transactionstatus.ts
  - src/models/components/glacierlistchainsresponse.ts
  - src/models/components/chaininfo.ts
  - src/models/components/utilityaddresses.ts
  - src/models/components/vmname.ts
  - src/models/components/chainstatus.ts
  - src/models/components/glacierapifeature.ts
  - src/models/components/getchainresponse.ts
  - src/models/components/security.ts
  - src/models/operations/glacierhealthcheck.ts
  - src/models/operations/reindexnft.ts
  - src/models/operations/listtokens.ts
  - src/models/operations/gettokendetails.ts
  - src/models/operations/getoperationresult.ts
  - src/models/operations/posttransactionexportjob.ts
  - src/models/operations/getassetdetails.ts
  - src/models/operations/getchainidsforaddresses.ts
  - src/models/operations/getnetworkdetails.ts
  - src/models/operations/listblockchains.ts
  - src/models/operations/listsubnets.ts
  - src/models/operations/getsubnetbyid.ts
  - src/models/operations/listvalidators.ts
  - src/models/operations/getsinglevalidatordetails.ts
  - src/models/operations/listdelegators.ts
  - src/models/operations/gettxbyhash.ts
  - src/models/operations/listlatestprimarynetworktransactions.ts
  - src/models/operations/listactiveprimarynetworkstakingtransactions.ts
  - src/models/operations/listassettransactions.ts
  - src/models/operations/listpendingprimarynetworkrewards.ts
  - src/models/operations/listhistoricalprimarynetworkrewards.ts
  - src/models/operations/getutxosbyaddresses.ts
  - src/models/operations/getbalancesbyaddresses.ts
  - src/models/operations/getblockbyid.ts
  - src/models/operations/listprimarynetworkblocksbynodeid.ts
  - src/models/operations/listlatestprimarynetworkblocks.ts
  - src/models/operations/listlatestxchainvertices.ts
  - src/models/operations/getvertexbyhash.ts
  - src/models/operations/getvertexbyheight.ts
  - src/models/operations/getapiusagemetrics.ts
  - src/models/operations/getapilogs.ts
  - src/models/operations/listwebhooks.ts
  - src/models/operations/getwebhook.ts
  - src/models/operations/deactivatewebhook.ts
  - src/models/operations/updatewebhook.ts
  - src/models/operations/getaddressesfromwebhook.ts
  - src/models/operations/removeaddressesfromwebhook.ts
  - src/models/operations/addaddressestowebhook.ts
  - src/models/operations/getteleportermessage.ts
  - src/models/operations/listteleportermessages.ts
  - src/models/operations/getnativebalance.ts
  - src/models/operations/listerc20balances.ts
  - src/models/operations/listerc721balances.ts
  - src/models/operations/listerc1155balances.ts
  - src/models/operations/listcollectiblebalances.ts
  - src/models/operations/getlatestblocks.ts
  - src/models/operations/getblock.ts
  - src/models/operations/getdeploymenttransaction.ts
  - src/models/operations/listcontractdeployments.ts
  - src/models/operations/listtransfers.ts
  - src/models/operations/listtransactions.ts
  - src/models/operations/listnativetransactions.ts
  - src/models/operations/listerc20transactions.ts
  - src/models/operations/listerc721transactions.ts
  - src/models/operations/listerc1155transactions.ts
  - src/models/operations/listinternaltransactions.ts
  - src/models/operations/gettransaction.ts
  - src/models/operations/gettransactionsforblock.ts
  - src/models/operations/listlatesttransactions.ts
  - src/models/operations/getcontractmetadata.ts
  - src/models/operations/supportedchains.ts
  - src/models/operations/getchaininfo.ts
  - src/models/errors/glacierhealthcheck.ts
  - src/models/errors/badrequest.ts
  - src/models/errors/unauthorized.ts
  - src/models/errors/forbidden.ts
  - src/models/errors/notfound.ts
  - src/models/errors/toomanyrequests.ts
  - src/models/errors/internalservererror.ts
  - src/models/errors/badgateway.ts
  - src/models/errors/serviceunavailable.ts
  - src/models/errors/index.ts
  - src/models/components/index.ts
  - src/models/operations/index.ts
  - docs/models/components/globalparamnetwork.md
  - docs/models/components/tokens.md
  - docs/models/components/listnfttokens.md
  - docs/models/components/erctype.md
  - docs/models/components/erc721token.md
  - docs/models/components/erc721tokenmetadata.md
  - docs/models/components/nfttokenmetadatastatus.md
  - docs/models/components/erc1155tokenerctype.md
  - docs/models/components/erc1155token.md
  - docs/models/components/erc1155tokenmetadata.md
  - docs/models/components/metadata.md
  - docs/models/components/operationstatusresponse.md
  - docs/models/components/transactionexportmetadata.md
  - docs/models/components/operationstatuscode.md
  - docs/models/components/operationstatus.md
  - docs/models/components/operationtype.md
  - docs/models/components/createevmtransactionexportrequest.md
  - docs/models/components/evmnetworkoptions.md
  - docs/models/components/evmoperationtype.md
  - docs/models/components/createprimarynetworktransactionexportrequest.md
  - docs/models/components/includechains.md
  - docs/models/components/primarynetworkoptions.md
  - docs/models/components/primarynetworkoperationtype.md
  - docs/models/components/xchainassetdetails.md
  - docs/models/components/primarynetworkassetcap.md
  - docs/models/components/primarynetworkassettype.md
  - docs/models/components/xchainid.md
  - docs/models/components/chainaddresschainidmaplistresponse.md
  - docs/models/components/chainaddresschainidmap.md
  - docs/models/components/blockchainids.md
  - docs/models/components/getnetworkdetailsresponse.md
  - docs/models/components/delegatorsdetails.md
  - docs/models/components/validatorsdetails.md
  - docs/models/components/stakingdistribution.md
  - docs/models/components/listblockchainsresponse.md
  - docs/models/components/blockchain.md
  - docs/models/components/sortorder.md
  - docs/models/components/listsubnetsresponse.md
  - docs/models/components/subnet.md
  - docs/models/components/blockchaininfo.md
  - docs/models/components/subnetownershipinfo.md
  - docs/models/components/validators.md
  - docs/models/components/listvalidatordetailsresponse.md
  - docs/models/components/validationstatus.md
  - docs/models/components/completedvalidatordetails.md
  - docs/models/components/rewards.md
  - docs/models/components/blscredentials.md
  - docs/models/components/activevalidatordetailsvalidationstatus.md
  - docs/models/components/activevalidatordetails.md
  - docs/models/components/validatorhealthdetails.md
  - docs/models/components/pendingvalidatordetailsvalidationstatus.md
  - docs/models/components/pendingvalidatordetails.md
  - docs/models/components/removedvalidatordetailsvalidationstatus.md
  - docs/models/components/removedvalidatordetails.md
  - docs/models/components/validationstatustype.md
  - docs/models/components/sortbyoption.md
  - docs/models/components/delegators.md
  - docs/models/components/listdelegatordetailsresponse.md
  - docs/models/components/delegationstatus.md
  - docs/models/components/completeddelegatordetails.md
  - docs/models/components/activedelegatordetailsdelegationstatus.md
  - docs/models/components/activedelegatordetails.md
  - docs/models/components/pendingdelegatordetailsdelegationstatus.md
  - docs/models/components/pendingdelegatordetails.md
  - docs/models/components/delegationstatustype.md
  - docs/models/components/pchaintransaction.md
  - docs/models/components/assetamount.md
  - docs/models/components/pchainutxo.md
  - docs/models/components/utxotype.md
  - docs/models/components/rewardtype.md
  - docs/models/components/pchaintransactiontype.md
  - docs/models/components/chainformat.md
  - docs/models/components/xchainnonlineartransaction.md
  - docs/models/components/transactionvertexdetail.md
  - docs/models/components/utxo.md
  - docs/models/components/utxocredential.md
  - docs/models/components/xchaintransactiontype.md
  - docs/models/components/xchainlineartransactionchainformat.md
  - docs/models/components/xchainlineartransaction.md
  - docs/models/components/txtype.md
  - docs/models/components/cchainexporttransaction.md
  - docs/models/components/evminput.md
  - docs/models/components/cchainimporttransactiontxtype.md
  - docs/models/components/cchainimporttransaction.md
  - docs/models/components/evmoutput.md
  - docs/models/components/blockchainid.md
  - docs/models/components/listpchaintransactionsresponse.md
  - docs/models/components/primarynetworkchaininfo.md
  - docs/models/components/primarynetwork.md
  - docs/models/components/primarynetworkchainname.md
  - docs/models/components/transactions.md
  - docs/models/components/listxchaintransactionsresponse.md
  - docs/models/components/listcchainatomictransactionsresponsetransactions.md
  - docs/models/components/listcchainatomictransactionsresponse.md
  - docs/models/components/primarynetworktxtype.md
  - docs/models/components/pchainid.md
  - docs/models/components/listpendingrewardsresponse.md
  - docs/models/components/pendingreward.md
  - docs/models/components/listhistoricalrewardsresponse.md
  - docs/models/components/historicalreward.md
  - docs/models/components/assetwithpriceinfo.md
  - docs/models/components/money.md
  - docs/models/components/currencycode.md
  - docs/models/components/listpchainutxosresponse.md
  - docs/models/components/listutxosresponse.md
  - docs/models/components/listpchainbalancesresponse.md
  - docs/models/components/pchainbalance.md
  - docs/models/components/pchainsharedasset.md
  - docs/models/components/aggregatedassetamount.md
  - docs/models/components/listxchainbalancesresponse.md
  - docs/models/components/xchainbalances.md
  - docs/models/components/xchainsharedassetbalance.md
  - docs/models/components/listcchainatomicbalancesresponse.md
  - docs/models/components/cchainatomicbalances.md
  - docs/models/components/cchainsharedassetbalance.md
  - docs/models/components/getprimarynetworkblockresponse.md
  - docs/models/components/proposerdetails.md
  - docs/models/components/listprimarynetworkblocksresponse.md
  - docs/models/components/primarynetworkblock.md
  - docs/models/components/listxchainverticesresponse.md
  - docs/models/components/xchainvertex.md
  - docs/models/components/usagemetricsresponsedto.md
  - docs/models/components/metric.md
  - docs/models/components/groupedby.md
  - docs/models/components/groupvalue.md
  - docs/models/components/usagemetricsvaluedto.md
  - docs/models/components/usagemetricsgroupbyenum.md
  - docs/models/components/timeintervalgranularityextended.md
  - docs/models/components/logsresponsedto.md
  - docs/models/components/logsformat.md
  - docs/models/components/logsformatmetadata.md
  - docs/models/components/requesttype.md
  - docs/models/components/listwebhooksresponse.md
  - docs/models/components/webhookresponsemetadata.md
  - docs/models/components/webhookresponse.md
  - docs/models/components/webhookstatustype.md
  - docs/models/components/addressactivitymetadata.md
  - docs/models/components/eventtype.md
  - docs/models/components/webhookstatus.md
  - docs/models/components/createwebhookrequestmetadata.md
  - docs/models/components/createwebhookrequest.md
  - docs/models/components/updatewebhookrequest.md
  - docs/models/components/sharedsecretsresponse.md
  - docs/models/components/listwebhookaddressesresponse.md
  - docs/models/components/addresseschangerequest.md
  - docs/models/components/status.md
  - docs/models/components/pendingteleportermessage.md
  - docs/models/components/teleportersourcetransaction.md
  - docs/models/components/teleporterrewarddetailserctype.md
  - docs/models/components/teleporterrewarddetails.md
  - docs/models/components/teleporterreceipt.md
  - docs/models/components/deliveredteleportermessagestatus.md
  - docs/models/components/deliveredteleportermessage.md
  - docs/models/components/teleporterdestinationtransaction.md
  - docs/models/components/deliveredsourcenotindexedteleportermessagestatus.md
  - docs/models/components/deliveredsourcenotindexedteleportermessage.md
  - docs/models/components/messages.md
  - docs/models/components/listteleportermessagesresponse.md
  - docs/models/components/networktype.md
  - docs/models/components/getnativebalanceresponse.md
  - docs/models/components/nativetokenbalance.md
  - docs/models/components/listerc20balancesresponse.md
  - docs/models/components/erc20tokenbalanceerctype.md
  - docs/models/components/erc20tokenbalance.md
  - docs/models/components/listerc721balancesresponse.md
  - docs/models/components/erc721tokenbalanceerctype.md
  - docs/models/components/erc721tokenbalance.md
  - docs/models/components/listerc1155balancesresponse.md
  - docs/models/components/erc1155tokenbalanceerctype.md
  - docs/models/components/erc1155tokenbalance.md
  - docs/models/components/collectiblebalances.md
  - docs/models/components/listcollectiblebalancesresponse.md
  - docs/models/components/listevmblocksresponse.md
  - docs/models/components/evmblock.md
  - docs/models/components/getevmblockresponse.md
  - docs/models/components/gettransactionresponse.md
  - docs/models/components/fullnativetransactiondetails.md
  - docs/models/components/method.md
  - docs/models/components/transactionmethodtype.md
  - docs/models/components/richaddress.md
  - docs/models/components/networktokendetails.md
  - docs/models/components/networktoken.md
  - docs/models/components/internaltransactiondetails.md
  - docs/models/components/internaltransactionopcall.md
  - docs/models/components/erc1155transferdetails.md
  - docs/models/components/erc721transferdetails.md
  - docs/models/components/erc20transferdetails.md
  - docs/models/components/erc20tokenerctype.md
  - docs/models/components/erc20token.md
  - docs/models/components/contracts.md
  - docs/models/components/listcontractsresponse.md
  - docs/models/components/erc721contracterctype.md
  - docs/models/components/erc721contract.md
  - docs/models/components/contractdeploymentdetails.md
  - docs/models/components/resourcelink.md
  - docs/models/components/resourcelinktype.md
  - docs/models/components/imageasset.md
  - docs/models/components/erc1155contracterctype.md
  - docs/models/components/erc1155contract.md
  - docs/models/components/pricingproviders.md
  - docs/models/components/erc20contracterctype.md
  - docs/models/components/erc20contract.md
  - docs/models/components/unknowncontracterctype.md
  - docs/models/components/unknowncontract.md
  - docs/models/components/transfers.md
  - docs/models/components/listtransfersresponse.md
  - docs/models/components/erc20transfer.md
  - docs/models/components/erc721transfer.md
  - docs/models/components/erc1155transfer.md
  - docs/models/components/listtransactiondetailsresponse.md
  - docs/models/components/transactiondetails.md
  - docs/models/components/nativetransaction.md
  - docs/models/components/listnativetransactionsresponse.md
  - docs/models/components/listerc20transactionsresponse.md
  - docs/models/components/listerc721transactionsresponse.md
  - docs/models/components/listerc1155transactionsresponse.md
  - docs/models/components/listinternaltransactionsresponse.md
  - docs/models/components/internaltransaction.md
  - docs/models/components/transactionstatus.md
  - docs/models/components/glacierlistchainsresponse.md
  - docs/models/components/enabledfeatures.md
  - docs/models/components/chaininfo.md
  - docs/models/components/utilityaddresses.md
  - docs/models/components/vmname.md
  - docs/models/components/chainstatus.md
  - docs/models/components/glacierapifeature.md
  - docs/models/components/getchainresponseenabledfeatures.md
  - docs/models/components/getchainresponse.md
  - docs/models/components/security.md
  - docs/models/operations/info.md
  - docs/models/operations/errort.md
  - docs/models/operations/details.md
  - docs/models/operations/glacierhealthcheckresponsebody.md
  - docs/models/operations/reindexnftglobals.md
  - docs/models/operations/reindexnftrequest.md
  - docs/models/operations/listtokensglobals.md
  - docs/models/operations/listtokensrequest.md
  - docs/models/operations/listtokensresponse.md
  - docs/models/operations/gettokendetailsglobals.md
  - docs/models/operations/gettokendetailsrequest.md
  - docs/models/operations/gettokendetailsresponsebody.md
  - docs/models/operations/getoperationresultrequest.md
  - docs/models/operations/posttransactionexportjobrequestbody.md
  - docs/models/operations/getassetdetailsglobals.md
  - docs/models/operations/getassetdetailsrequest.md
  - docs/models/operations/getchainidsforaddressesglobals.md
  - docs/models/operations/getchainidsforaddressesrequest.md
  - docs/models/operations/getnetworkdetailsglobals.md
  - docs/models/operations/getnetworkdetailsrequest.md
  - docs/models/operations/listblockchainsglobals.md
  - docs/models/operations/listblockchainsrequest.md
  - docs/models/operations/listblockchainsresponse.md
  - docs/models/operations/listsubnetsglobals.md
  - docs/models/operations/listsubnetsrequest.md
  - docs/models/operations/listsubnetsresponse.md
  - docs/models/operations/getsubnetbyidglobals.md
  - docs/models/operations/getsubnetbyidrequest.md
  - docs/models/operations/listvalidatorsglobals.md
  - docs/models/operations/listvalidatorsrequest.md
  - docs/models/operations/listvalidatorsresponse.md
  - docs/models/operations/getsinglevalidatordetailsglobals.md
  - docs/models/operations/getsinglevalidatordetailsrequest.md
  - docs/models/operations/getsinglevalidatordetailsresponse.md
  - docs/models/operations/listdelegatorsglobals.md
  - docs/models/operations/listdelegatorsrequest.md
  - docs/models/operations/listdelegatorsresponse.md
  - docs/models/operations/gettxbyhashglobals.md
  - docs/models/operations/gettxbyhashrequest.md
  - docs/models/operations/gettxbyhashresponsebody.md
  - docs/models/operations/listlatestprimarynetworktransactionsglobals.md
  - docs/models/operations/listlatestprimarynetworktransactionsrequest.md
  - docs/models/operations/listlatestprimarynetworktransactionsresponsebody.md
  - docs/models/operations/listlatestprimarynetworktransactionsresponse.md
  - docs/models/operations/listactiveprimarynetworkstakingtransactionsglobals.md
  - docs/models/operations/listactiveprimarynetworkstakingtransactionsrequest.md
  - docs/models/operations/listactiveprimarynetworkstakingtransactionsresponse.md
  - docs/models/operations/listassettransactionsglobals.md
  - docs/models/operations/listassettransactionsrequest.md
  - docs/models/operations/listassettransactionsresponse.md
  - docs/models/operations/listpendingprimarynetworkrewardsglobals.md
  - docs/models/operations/listpendingprimarynetworkrewardsrequest.md
  - docs/models/operations/listpendingprimarynetworkrewardsresponse.md
  - docs/models/operations/listhistoricalprimarynetworkrewardsglobals.md
  - docs/models/operations/listhistoricalprimarynetworkrewardsrequest.md
  - docs/models/operations/listhistoricalprimarynetworkrewardsresponse.md
  - docs/models/operations/getutxosbyaddressesglobals.md
  - docs/models/operations/getutxosbyaddressesrequest.md
  - docs/models/operations/getutxosbyaddressesresponsebody.md
  - docs/models/operations/getutxosbyaddressesresponse.md
  - docs/models/operations/getbalancesbyaddressesglobals.md
  - docs/models/operations/getbalancesbyaddressesrequest.md
  - docs/models/operations/getbalancesbyaddressesresponsebody.md
  - docs/models/operations/getblockbyidglobals.md
  - docs/models/operations/getblockbyidrequest.md
  - docs/models/operations/listprimarynetworkblocksbynodeidglobals.md
  - docs/models/operations/listprimarynetworkblocksbynodeidrequest.md
  - docs/models/operations/listprimarynetworkblocksbynodeidresponse.md
  - docs/models/operations/listlatestprimarynetworkblocksglobals.md
  - docs/models/operations/listlatestprimarynetworkblocksrequest.md
  - docs/models/operations/listlatestprimarynetworkblocksresponse.md
  - docs/models/operations/listlatestxchainverticesglobals.md
  - docs/models/operations/listlatestxchainverticesrequest.md
  - docs/models/operations/listlatestxchainverticesresponse.md
  - docs/models/operations/getvertexbyhashglobals.md
  - docs/models/operations/getvertexbyhashrequest.md
  - docs/models/operations/getvertexbyheightglobals.md
  - docs/models/operations/getvertexbyheightrequest.md
  - docs/models/operations/getvertexbyheightresponse.md
  - docs/models/operations/requesttype.md
  - docs/models/operations/getapiusagemetricsrequest.md
  - docs/models/operations/queryparamrequesttype.md
  - docs/models/operations/getapilogsrequest.md
  - docs/models/operations/getapilogsresponse.md
  - docs/models/operations/listwebhooksrequest.md
  - docs/models/operations/listwebhooksresponse.md
  - docs/models/operations/getwebhookrequest.md
  - docs/models/operations/deactivatewebhookrequest.md
  - docs/models/operations/updatewebhookrequest.md
  - docs/models/operations/getaddressesfromwebhookrequest.md
  - docs/models/operations/getaddressesfromwebhookresponse.md
  - docs/models/operations/removeaddressesfromwebhookrequest.md
  - docs/models/operations/addaddressestowebhookrequest.md
  - docs/models/operations/getteleportermessagerequest.md
  - docs/models/operations/getteleportermessageresponsebody.md
  - docs/models/operations/listteleportermessagesrequest.md
  - docs/models/operations/listteleportermessagesresponse.md
  - docs/models/operations/getnativebalanceglobals.md
  - docs/models/operations/getnativebalancerequest.md
  - docs/models/operations/listerc20balancesglobals.md
  - docs/models/operations/listerc20balancesrequest.md
  - docs/models/operations/listerc20balancesresponse.md
  - docs/models/operations/listerc721balancesglobals.md
  - docs/models/operations/listerc721balancesrequest.md
  - docs/models/operations/listerc721balancesresponse.md
  - docs/models/operations/listerc1155balancesglobals.md
  - docs/models/operations/listerc1155balancesrequest.md
  - docs/models/operations/listerc1155balancesresponse.md
  - docs/models/operations/listcollectiblebalancesglobals.md
  - docs/models/operations/listcollectiblebalancesrequest.md
  - docs/models/operations/listcollectiblebalancesresponse.md
  - docs/models/operations/getlatestblocksglobals.md
  - docs/models/operations/getlatestblocksrequest.md
  - docs/models/operations/getlatestblocksresponse.md
  - docs/models/operations/getblockglobals.md
  - docs/models/operations/getblockrequest.md
  - docs/models/operations/getdeploymenttransactionglobals.md
  - docs/models/operations/getdeploymenttransactionrequest.md
  - docs/models/operations/listcontractdeploymentsglobals.md
  - docs/models/operations/listcontractdeploymentsrequest.md
  - docs/models/operations/listcontractdeploymentsresponse.md
  - docs/models/operations/listtransfersglobals.md
  - docs/models/operations/listtransfersrequest.md
  - docs/models/operations/listtransfersresponse.md
  - docs/models/operations/listtransactionsglobals.md
  - docs/models/operations/listtransactionsrequest.md
  - docs/models/operations/listtransactionsresponse.md
  - docs/models/operations/listnativetransactionsglobals.md
  - docs/models/operations/listnativetransactionsrequest.md
  - docs/models/operations/listnativetransactionsresponse.md
  - docs/models/operations/listerc20transactionsglobals.md
  - docs/models/operations/listerc20transactionsrequest.md
  - docs/models/operations/listerc20transactionsresponse.md
  - docs/models/operations/listerc721transactionsglobals.md
  - docs/models/operations/listerc721transactionsrequest.md
  - docs/models/operations/listerc721transactionsresponse.md
  - docs/models/operations/listerc1155transactionsglobals.md
  - docs/models/operations/listerc1155transactionsrequest.md
  - docs/models/operations/listerc1155transactionsresponse.md
  - docs/models/operations/listinternaltransactionsglobals.md
  - docs/models/operations/listinternaltransactionsrequest.md
  - docs/models/operations/listinternaltransactionsresponse.md
  - docs/models/operations/gettransactionglobals.md
  - docs/models/operations/gettransactionrequest.md
  - docs/models/operations/gettransactionsforblockglobals.md
  - docs/models/operations/gettransactionsforblockrequest.md
  - docs/models/operations/listlatesttransactionsglobals.md
  - docs/models/operations/listlatesttransactionsrequest.md
  - docs/models/operations/listlatesttransactionsresponse.md
  - docs/models/operations/getcontractmetadataglobals.md
  - docs/models/operations/getcontractmetadatarequest.md
  - docs/models/operations/getcontractmetadataresponsebody.md
  - docs/models/operations/supportedchainsrequest.md
  - docs/models/operations/getchaininfoglobals.md
  - docs/models/operations/getchaininforequest.md
  - docs/models/errors/info.md
  - docs/models/errors/errort.md
  - docs/models/errors/details.md
  - docs/models/errors/glacierhealthcheckresponsebody.md
  - docs/models/errors/message.md
  - docs/models/errors/badrequest.md
  - docs/models/errors/unauthorizedmessage.md
  - docs/models/errors/unauthorized.md
  - docs/models/errors/forbiddenmessage.md
  - docs/models/errors/forbidden.md
  - docs/models/errors/notfoundmessage.md
  - docs/models/errors/notfound.md
  - docs/models/errors/toomanyrequestsmessage.md
  - docs/models/errors/toomanyrequests.md
  - docs/models/errors/internalservererrormessage.md
  - docs/models/errors/internalservererror.md
  - docs/models/errors/badgatewaymessage.md
  - docs/models/errors/badgateway.md
  - docs/models/errors/serviceunavailablemessage.md
  - docs/models/errors/serviceunavailable.md
  - docs/sdks/avacloudsdk/README.md
  - docs/sdks/glacier/README.md
  - docs/lib/utils/retryconfig.md
  - docs/sdks/healthcheck/README.md
  - docs/sdks/nfts/README.md
  - docs/sdks/operations/README.md
  - docs/sdks/primarynetwork/README.md
  - docs/sdks/transactions/README.md
  - docs/sdks/rewards/README.md
  - docs/sdks/utxos/README.md
  - docs/sdks/balances/README.md
  - docs/sdks/blocks/README.md
  - docs/sdks/vertices/README.md
  - docs/sdks/usagemetrics/README.md
  - docs/sdks/webhooks/README.md
  - docs/sdks/teleporter/README.md
  - docs/sdks/evm/README.md
  - docs/sdks/avacloudsdkbalances/README.md
  - docs/sdks/avacloudsdkblocks/README.md
  - docs/sdks/avacloudsdktransactions/README.md
  - docs/sdks/contracts/README.md
  - docs/sdks/chains/README.md
  - USAGE.md
  - .gitattributes
  - .devcontainer/README.md
  - .devcontainer/devcontainer.json
  - .devcontainer/setup.sh
  - src/hooks/hooks.ts
  - src/hooks/types.ts
  - src/hooks/index.ts
  - CONTRIBUTING.md
