speakeasyVersion: 1.451.1
sources:
    AvaCloudSDK-OAS:
        sourceNamespace: avacloud-sdk-oas
        sourceRevisionDigest: sha256:1f942016dfabea1e41163dbbfe389620b4bb95c11e68e6a655b5acb0f5531746
        sourceBlobDigest: sha256:66a75a454cf8c86f7cf220a62f1d786b2a40433aa18923ad069828b48419b1ef
        tags:
            - latest
            - speakeasy-sdk-regen-1732753430
            - Beta
    AvalancheSDK-OAS:
        sourceNamespace: avalanche-sdk-oas
        sourceRevisionDigest: sha256:5a1e07e4561e10de09495e4808d129b671b42547b2864d1828b477aadfcb21ae
        sourceBlobDigest: sha256:44a68090a51ca1b1edbef83da5907c3497ef7de6605f3e5d00d9f2a89976ec99
        tags:
            - latest
            - main
targets:
    avacloud-sdk:
        source: AvaCloudSDK-OAS
        sourceNamespace: avacloud-sdk-oas
        sourceRevisionDigest: sha256:1f942016dfabea1e41163dbbfe389620b4bb95c11e68e6a655b5acb0f5531746
        sourceBlobDigest: sha256:66a75a454cf8c86f7cf220a62f1d786b2a40433aa18923ad069828b48419b1ef
        codeSamplesNamespace: avacloud-sdk-ts-code-samples
        codeSamplesRevisionDigest: sha256:95b4ca8b385a623e6aa6ff02b883fc89534ef34e0915d5e80947c20cef153dde
    avalanche-sdk:
        source: AvalancheSDK-OAS
        sourceNamespace: avalanche-sdk-oas
        sourceRevisionDigest: sha256:5a1e07e4561e10de09495e4808d129b671b42547b2864d1828b477aadfcb21ae
        sourceBlobDigest: sha256:44a68090a51ca1b1edbef83da5907c3497ef7de6605f3e5d00d9f2a89976ec99
workflow:
    workflowVersion: 1.0.0
    speakeasyVersion: latest
    sources:
        AvaCloudSDK-OAS:
            inputs:
                - location: https://popsicle-api.avax.network/api-json
                - location: https://glacier-api.avax.network/api-json
            overlays:
                - location: overlays/overlay.yaml
            registry:
                location: registry.speakeasyapi.dev/avalabs/avalabs/avacloud-sdk-oas
    targets:
        avacloud-sdk:
            target: typescript
            source: AvaCloudSDK-OAS
            publish:
                npm:
                    token: $npm_token
            codeSamples:
                registry:
                    location: registry.speakeasyapi.dev/avalabs/avalabs/avacloud-sdk-ts-code-samples
