speakeasyVersion: 1.354.1
sources:
    AvalancheSDK-OAS:
        sourceNamespace: avalanche-sdk-oas
        sourceRevisionDigest: sha256:8c2281baa259e68b59f395dcdcb25a5663932f59450a1de622432dfe94e403c8
        sourceBlobDigest: sha256:0485c2677bb8bd89b4638478011cf2472c184418dd1403bca7b569424ed2c5d6
        tags:
            - latest
targets:
    avalanche-sdk:
        source: AvalancheSDK-OAS
        sourceNamespace: avalanche-sdk-oas
        sourceRevisionDigest: sha256:8c2281baa259e68b59f395dcdcb25a5663932f59450a1de622432dfe94e403c8
        sourceBlobDigest: sha256:0485c2677bb8bd89b4638478011cf2472c184418dd1403bca7b569424ed2c5d6
        outLocation: /Users/sayan.kar/avalabs/avalanche-sdk-typescript
workflow:
    workflowVersion: 1.0.0
    sources:
        AvalancheSDK-OAS:
            inputs:
                - location: https://ad39-2405-201-3027-2887-d9b-fc28-c7ec-5133.ngrok-free.app/api-json
            registry:
                location: registry.speakeasyapi.dev/avalabs/avalabs/avalanche-sdk-oas
    targets:
        avalanche-sdk:
            target: typescript
            source: AvalancheSDK-OAS
